
Microsoft Visual Studio Solution File, Format Version 12.00
# Visual Studio Version 17
VisualStudioVersion = 17.0.31903.59
MinimumVisualStudioVersion = 10.0.40219.1
Project("{FAE04EC0-301F-11D3-BF4B-00C04F79EFBC}") = "Smritea.Sdk", "Smritea.Sdk.csproj", "{5C22E063-F722-42A6-B5D6-B0C74B51EE4A}"
EndProject
Project("{FAE04EC0-301F-11D3-BF4B-00C04F79EFBC}") = "Smritea.Sdk.Tests", "tests\Smritea.Sdk.Tests.csproj", "{AEE13B3E-D25A-47A7-B46D-3A1277E3C99F}"
EndProject
Global
	GlobalSection(SolutionConfigurationPlatforms) = preSolution
		Debug|Any CPU = Debug|Any CPU
		Release|Any CPU = Release|Any CPU
	EndGlobalSection
	GlobalSection(ProjectConfigurationPlatforms) = postSolution
		{5C22E063-F722-42A6-B5D6-B0C74B51EE4A}.Debug|Any CPU.ActiveCfg = Debug|Any CPU
		{5C22E063-F722-42A6-B5D6-B0C74B51EE4A}.Debug|Any CPU.Build.0 = Debug|Any CPU
		{5C22E063-F722-42A6-B5D6-B0C74B51EE4A}.Release|Any CPU.ActiveCfg = Release|Any CPU
		{5C22E063-F722-42A6-B5D6-B0C74B51EE4A}.Release|Any CPU.Build.0 = Release|Any CPU
		{AEE13B3E-D25A-47A7-B46D-3A1277E3C99F}.Debug|Any CPU.ActiveCfg = Debug|Any CPU
		{AEE13B3E-D25A-47A7-B46D-3A1277E3C99F}.Debug|Any CPU.Build.0 = Debug|Any CPU
		{AEE13B3E-D25A-47A7-B46D-3A1277E3C99F}.Release|Any CPU.ActiveCfg = Release|Any CPU
		{AEE13B3E-D25A-47A7-B46D-3A1277E3C99F}.Release|Any CPU.Build.0 = Release|Any CPU
	EndGlobalSection
EndGlobal
